
Microsoft Visual Studio Solution File, Format Version 12.00
# Visual Studio Version 17
VisualStudioVersion = 17.11.35017.193
MinimumVisualStudioVersion = 10.0.40219.1
Project("{9A19103F-16F7-4668-BE54-9A1E7A4F7556}") = "MacMoltenVK", "MacMoltenVK\MacMoltenVK.csproj", "{BDC46E9B-CC20-418F-AC1B-E893463338B9}"
EndProject
Project("{FAE04EC0-301F-11D3-BF4B-00C04F79EFBC}") = "MacVulkan", "MacVulkan\MacVulkan.csproj", "{F0C1F7C6-B046-4878-B6DA-0860B4CA1512}"
EndProject
Project("{FAE04EC0-301F-11D3-BF4B-00C04F79EFBC}") = "MacVulkanApp", "MacVulkanApp\MacVulkanApp.csproj", "{8D5CF0EE-60E6-42A3-AD9C-6422B7EF4BB3}"
EndProject
Project("{9A19103F-16F7-4668-BE54-9A1E7A4F7556}") = "MoltenVKGen", "MoltenVKGen\MoltenVKGen.csproj", "{5F092A8C-F268-4243-B107-1CA637281F1B}"
EndProject
Global
	GlobalSection(SolutionConfigurationPlatforms) = preSolution
		Debug|Any CPU = Debug|Any CPU
		Release|Any CPU = Release|Any CPU
	EndGlobalSection
	GlobalSection(ProjectConfigurationPlatforms) = postSolution
		{BDC46E9B-CC20-418F-AC1B-E893463338B9}.Debug|Any CPU.ActiveCfg = Debug|Any CPU
		{BDC46E9B-CC20-418F-AC1B-E893463338B9}.Debug|Any CPU.Build.0 = Debug|Any CPU
		{BDC46E9B-CC20-418F-AC1B-E893463338B9}.Release|Any CPU.ActiveCfg = Release|Any CPU
		{BDC46E9B-CC20-418F-AC1B-E893463338B9}.Release|Any CPU.Build.0 = Release|Any CPU
		{F0C1F7C6-B046-4878-B6DA-0860B4CA1512}.Debug|Any CPU.ActiveCfg = Debug|Any CPU
		{F0C1F7C6-B046-4878-B6DA-0860B4CA1512}.Debug|Any CPU.Build.0 = Debug|Any CPU
		{F0C1F7C6-B046-4878-B6DA-0860B4CA1512}.Release|Any CPU.ActiveCfg = Release|Any CPU
		{F0C1F7C6-B046-4878-B6DA-0860B4CA1512}.Release|Any CPU.Build.0 = Release|Any CPU
		{8D5CF0EE-60E6-42A3-AD9C-6422B7EF4BB3}.Debug|Any CPU.ActiveCfg = Debug|Any CPU
		{8D5CF0EE-60E6-42A3-AD9C-6422B7EF4BB3}.Debug|Any CPU.Build.0 = Debug|Any CPU
		{8D5CF0EE-60E6-42A3-AD9C-6422B7EF4BB3}.Release|Any CPU.ActiveCfg = Release|Any CPU
		{8D5CF0EE-60E6-42A3-AD9C-6422B7EF4BB3}.Release|Any CPU.Build.0 = Release|Any CPU
		{5F092A8C-F268-4243-B107-1CA637281F1B}.Debug|Any CPU.ActiveCfg = Debug|Any CPU
		{5F092A8C-F268-4243-B107-1CA637281F1B}.Debug|Any CPU.Build.0 = Debug|Any CPU
		{5F092A8C-F268-4243-B107-1CA637281F1B}.Release|Any CPU.ActiveCfg = Release|Any CPU
		{5F092A8C-F268-4243-B107-1CA637281F1B}.Release|Any CPU.Build.0 = Release|Any CPU
	EndGlobalSection
	GlobalSection(SolutionProperties) = preSolution
		HideSolutionNode = FALSE
	EndGlobalSection
	GlobalSection(ExtensibilityGlobals) = postSolution
		SolutionGuid = {C71BEDE0-BF91-45A8-A2A2-EAFC210B9D77}
	EndGlobalSection
EndGlobal
